
Microsoft Visual Studio Solution File, Format Version 12.00
# Visual Studio 14
VisualStudioVersion = 14.0.25420.1
MinimumVisualStudioVersion = 10.0.40219.1
Project("{FAE04EC0-301F-11D3-BF4B-00C04F79EFBC}") = "Task_A", "Task_A\Task_A.csproj", "{9726D899-9B36-42D6-8165-1714F26C8343}"
EndProject
Project("{FAE04EC0-301F-11D3-BF4B-00C04F79EFBC}") = "Task_B", "Task_B\Task_B.csproj", "{A5529AC7-B905-4C7D-8A0F-559B1EDA7FEA}"
EndProject
Global
	GlobalSection(SolutionConfigurationPlatforms) = preSolution
		Debug|Any CPU = Debug|Any CPU
		Release|Any CPU = Release|Any CPU
	EndGlobalSection
	GlobalSection(ProjectConfigurationPlatforms) = postSolution
		{9726D899-9B36-42D6-8165-1714F26C8343}.Debug|Any CPU.ActiveCfg = Debug|Any CPU
		{9726D899-9B36-42D6-8165-1714F26C8343}.Debug|Any CPU.Build.0 = Debug|Any CPU
		{9726D899-9B36-42D6-8165-1714F26C8343}.Release|Any CPU.ActiveCfg = Release|Any CPU
		{9726D899-9B36-42D6-8165-1714F26C8343}.Release|Any CPU.Build.0 = Release|Any CPU
		{A5529AC7-B905-4C7D-8A0F-559B1EDA7FEA}.Debug|Any CPU.ActiveCfg = Debug|Any CPU
		{A5529AC7-B905-4C7D-8A0F-559B1EDA7FEA}.Debug|Any CPU.Build.0 = Debug|Any CPU
		{A5529AC7-B905-4C7D-8A0F-559B1EDA7FEA}.Release|Any CPU.ActiveCfg = Release|Any CPU
		{A5529AC7-B905-4C7D-8A0F-559B1EDA7FEA}.Release|Any CPU.Build.0 = Release|Any CPU
	EndGlobalSection
	GlobalSection(SolutionProperties) = preSolution
		HideSolutionNode = FALSE
	EndGlobalSection
EndGlobal
